{
  "id": "jjv360.poke",
  "name": "Poke",
  "version": "1.0.1",
  "beta": false,
  "description": "Send a poke to someone.",
  "longDescription": "This plugin adds a button to the people menu to send a poke to that person.",
  "configuration": "None",
  "category": "Social & Communication",
  "businessId": "cDFoSSRVe4",
  "price": 0,
  "releaseNotes": "None",
  "entrypoint": "https://plugins.vatom.com/cDFoSSRVe4/3e42d31ceed40483fca6aa12853f9e6b/plugin.js"
}